
Microsoft Visual Studio Solution File, Format Version 12.00
# Visual Studio 15
VisualStudioVersion = 15.0.28307.1831
MinimumVisualStudioVersion = 10.0.40219.1
Project("{8BC9CEB8-8B4A-11D0-8D11-00A0C91BC942}") = "deque", "deque\deque.vcxproj", "{BDBA2C5D-420B-4D85-9DFE-0B3F1585E8B1}"
EndProject
Global
	GlobalSection(SolutionConfigurationPlatforms) = preSolution
		Debug|x64 = Debug|x64
		Debug|x86 = Debug|x86
		Release|x64 = Release|x64
		Release|x86 = Release|x86
	EndGlobalSection
	GlobalSection(ProjectConfigurationPlatforms) = postSolution
		{BDBA2C5D-420B-4D85-9DFE-0B3F1585E8B1}.Debug|x64.ActiveCfg = Debug|x64
		{BDBA2C5D-420B-4D85-9DFE-0B3F1585E8B1}.Debug|x64.Build.0 = Debug|x64
		{BDBA2C5D-420B-4D85-9DFE-0B3F1585E8B1}.Debug|x86.ActiveCfg = Debug|Win32
		{BDBA2C5D-420B-4D85-9DFE-0B3F1585E8B1}.Debug|x86.Build.0 = Debug|Win32
		{BDBA2C5D-420B-4D85-9DFE-0B3F1585E8B1}.Release|x64.ActiveCfg = Release|x64
		{BDBA2C5D-420B-4D85-9DFE-0B3F1585E8B1}.Release|x64.Build.0 = Release|x64
		{BDBA2C5D-420B-4D85-9DFE-0B3F1585E8B1}.Release|x86.ActiveCfg = Release|Win32
		{BDBA2C5D-420B-4D85-9DFE-0B3F1585E8B1}.Release|x86.Build.0 = Release|Win32
	EndGlobalSection
	GlobalSection(SolutionProperties) = preSolution
		HideSolutionNode = FALSE
	EndGlobalSection
	GlobalSection(ExtensibilityGlobals) = postSolution
		SolutionGuid = {7A5A4609-DD4D-46C3-B348-069BC8F827D4}
	EndGlobalSection
EndGlobal
