
Microsoft Visual Studio Solution File, Format Version 12.00
# Visual Studio 15
VisualStudioVersion = 15.0.28307.1831
MinimumVisualStudioVersion = 10.0.40219.1
Project("{8BC9CEB8-8B4A-11D0-8D11-00A0C91BC942}") = "queue_18258", "queue_18258\queue_18258.vcxproj", "{96DEAA57-3EC0-45A3-83C0-D8D08E72D514}"
EndProject
Global
	GlobalSection(SolutionConfigurationPlatforms) = preSolution
		Debug|x64 = Debug|x64
		Debug|x86 = Debug|x86
		Release|x64 = Release|x64
		Release|x86 = Release|x86
	EndGlobalSection
	GlobalSection(ProjectConfigurationPlatforms) = postSolution
		{96DEAA57-3EC0-45A3-83C0-D8D08E72D514}.Debug|x64.ActiveCfg = Debug|x64
		{96DEAA57-3EC0-45A3-83C0-D8D08E72D514}.Debug|x64.Build.0 = Debug|x64
		{96DEAA57-3EC0-45A3-83C0-D8D08E72D514}.Debug|x86.ActiveCfg = Debug|Win32
		{96DEAA57-3EC0-45A3-83C0-D8D08E72D514}.Debug|x86.Build.0 = Debug|Win32
		{96DEAA57-3EC0-45A3-83C0-D8D08E72D514}.Release|x64.ActiveCfg = Release|x64
		{96DEAA57-3EC0-45A3-83C0-D8D08E72D514}.Release|x64.Build.0 = Release|x64
		{96DEAA57-3EC0-45A3-83C0-D8D08E72D514}.Release|x86.ActiveCfg = Release|Win32
		{96DEAA57-3EC0-45A3-83C0-D8D08E72D514}.Release|x86.Build.0 = Release|Win32
	EndGlobalSection
	GlobalSection(SolutionProperties) = preSolution
		HideSolutionNode = FALSE
	EndGlobalSection
	GlobalSection(ExtensibilityGlobals) = postSolution
		SolutionGuid = {3F86068C-0281-4BB8-BC31-6921435178DC}
	EndGlobalSection
EndGlobal
