
Microsoft Visual Studio Solution File, Format Version 12.00
# Visual Studio 15
VisualStudioVersion = 15.0.28307.1800
MinimumVisualStudioVersion = 10.0.40219.1
Project("{8BC9CEB8-8B4A-11D0-8D11-00A0C91BC942}") = "Project1", "Project1\Project1.vcxproj", "{FC5455CB-A403-417C-9F79-805AA40C42F0}"
EndProject
Global
	GlobalSection(SolutionConfigurationPlatforms) = preSolution
		Debug|x64 = Debug|x64
		Debug|x86 = Debug|x86
		Release|x64 = Release|x64
		Release|x86 = Release|x86
	EndGlobalSection
	GlobalSection(ProjectConfigurationPlatforms) = postSolution
		{FC5455CB-A403-417C-9F79-805AA40C42F0}.Debug|x64.ActiveCfg = Debug|x64
		{FC5455CB-A403-417C-9F79-805AA40C42F0}.Debug|x64.Build.0 = Debug|x64
		{FC5455CB-A403-417C-9F79-805AA40C42F0}.Debug|x86.ActiveCfg = Debug|Win32
		{FC5455CB-A403-417C-9F79-805AA40C42F0}.Debug|x86.Build.0 = Debug|Win32
		{FC5455CB-A403-417C-9F79-805AA40C42F0}.Release|x64.ActiveCfg = Release|x64
		{FC5455CB-A403-417C-9F79-805AA40C42F0}.Release|x64.Build.0 = Release|x64
		{FC5455CB-A403-417C-9F79-805AA40C42F0}.Release|x86.ActiveCfg = Release|Win32
		{FC5455CB-A403-417C-9F79-805AA40C42F0}.Release|x86.Build.0 = Release|Win32
	EndGlobalSection
	GlobalSection(SolutionProperties) = preSolution
		HideSolutionNode = FALSE
	EndGlobalSection
	GlobalSection(ExtensibilityGlobals) = postSolution
		SolutionGuid = {31C9824E-895D-494A-A310-3CD2E10250F9}
	EndGlobalSection
EndGlobal
