
Microsoft Visual Studio Solution File, Format Version 12.00
# Visual Studio 15
VisualStudioVersion = 15.0.28307.1800
MinimumVisualStudioVersion = 10.0.40219.1
Project("{8BC9CEB8-8B4A-11D0-8D11-00A0C91BC942}") = "hello", "hello\hello.vcxproj", "{2D36734B-5F47-4E14-BA2C-EC87B9CF47D3}"
EndProject
Global
	GlobalSection(SolutionConfigurationPlatforms) = preSolution
		Debug|x64 = Debug|x64
		Debug|x86 = Debug|x86
		Release|x64 = Release|x64
		Release|x86 = Release|x86
	EndGlobalSection
	GlobalSection(ProjectConfigurationPlatforms) = postSolution
		{2D36734B-5F47-4E14-BA2C-EC87B9CF47D3}.Debug|x64.ActiveCfg = Debug|x64
		{2D36734B-5F47-4E14-BA2C-EC87B9CF47D3}.Debug|x64.Build.0 = Debug|x64
		{2D36734B-5F47-4E14-BA2C-EC87B9CF47D3}.Debug|x86.ActiveCfg = Debug|Win32
		{2D36734B-5F47-4E14-BA2C-EC87B9CF47D3}.Debug|x86.Build.0 = Debug|Win32
		{2D36734B-5F47-4E14-BA2C-EC87B9CF47D3}.Release|x64.ActiveCfg = Release|x64
		{2D36734B-5F47-4E14-BA2C-EC87B9CF47D3}.Release|x64.Build.0 = Release|x64
		{2D36734B-5F47-4E14-BA2C-EC87B9CF47D3}.Release|x86.ActiveCfg = Release|Win32
		{2D36734B-5F47-4E14-BA2C-EC87B9CF47D3}.Release|x86.Build.0 = Release|Win32
	EndGlobalSection
	GlobalSection(SolutionProperties) = preSolution
		HideSolutionNode = FALSE
	EndGlobalSection
	GlobalSection(ExtensibilityGlobals) = postSolution
		SolutionGuid = {C249F892-8139-4EBF-BE48-2570E35877AF}
	EndGlobalSection
EndGlobal
